
Microsoft Visual Studio Solution File, Format Version 12.00
# Visual Studio Version 16
VisualStudioVersion = 16.0.30330.147
MinimumVisualStudioVersion = 10.0.40219.1
Project("{FAE04EC0-301F-11D3-BF4B-00C04F79EFBC}") = "Half", "Half\Half.csproj", "{D6A1E8EE-A704-498F-B096-9E783B1E3C43}"
EndProject
Global
	GlobalSection(SolutionConfigurationPlatforms) = preSolution
		Debug|Any CPU = Debug|Any CPU
		Release|Any CPU = Release|Any CPU
	EndGlobalSection
	GlobalSection(ProjectConfigurationPlatforms) = postSolution
		{D6A1E8EE-A704-498F-B096-9E783B1E3C43}.Debug|Any CPU.ActiveCfg = Debug|Any CPU
		{D6A1E8EE-A704-498F-B096-9E783B1E3C43}.Debug|Any CPU.Build.0 = Debug|Any CPU
		{D6A1E8EE-A704-498F-B096-9E783B1E3C43}.Release|Any CPU.ActiveCfg = Release|Any CPU
		{D6A1E8EE-A704-498F-B096-9E783B1E3C43}.Release|Any CPU.Build.0 = Release|Any CPU
	EndGlobalSection
	GlobalSection(SolutionProperties) = preSolution
		HideSolutionNode = FALSE
	EndGlobalSection
	GlobalSection(ExtensibilityGlobals) = postSolution
		SolutionGuid = {50337C06-6E17-435D-B6F5-4B73E245D1A1}
	EndGlobalSection
EndGlobal
